// !$*UTF8*$!
{
	archiveVersion = 1;
	classes = {
	};
	objectVersion = 46;
	objects = {

/* Begin PBXBuildFile section */
		40D310C21CEB4901003FFAC6 /* main.m in Sources */ = {isa = PBXBuildFile; fileRef = 40D310C11CEB4901003FFAC6 /* main.m */; };
		40D310C51CEB4901003FFAC6 /* AppDelegate.m in Sources */ = {isa = PBXBuildFile; fileRef = 40D310C41CEB4901003FFAC6 /* AppDelegate.m */; };
		40D310C81CEB4901003FFAC6 /* ViewController.m in Sources */ = {isa = PBXBuildFile; fileRef = 40D310C71CEB4901003FFAC6 /* ViewController.m */; };
		40D310CB1CEB4902003FFAC6 /* Main.storyboard in Resources */ = {isa = PBXBuildFile; fileRef = 40D310C91CEB4902003FFAC6 /* Main.storyboard */; };
		40D310CD1CEB4902003FFAC6 /* Assets.xcassets in Resources */ = {isa = PBXBuildFile; fileRef = 40D310CC1CEB4902003FFAC6 /* Assets.xcassets */; };
		40D310D01CEB4902003FFAC6 /* LaunchScreen.storyboard in Resources */ = {isa = PBXBuildFile; fileRef = 40D310CE1CEB4902003FFAC6 /* LaunchScreen.storyboard */; };
		40D310DB1CEB4902003FFAC6 /* myScrollViewTests.m in Sources */ = {isa = PBXBuildFile; fileRef = 40D310DA1CEB4902003FFAC6 /* myScrollViewTests.m */; };
		40D310E61CEB4902003FFAC6 /* myScrollViewUITests.m in Sources */ = {isa = PBXBuildFile; fileRef = 40D310E51CEB4902003FFAC6 /* myScrollViewUITests.m */; };
		40D310F81CEB49BF003FFAC6 /* MyScrollView.m in Sources */ = {isa = PBXBuildFile; fileRef = 40D310F71CEB49BF003FFAC6 /* MyScrollView.m */; };
/* End PBXBuildFile section */

/* Begin PBXContainerItemProxy section */
		40D310D71CEB4902003FFAC6 /* PBXContainerItemProxy */ = {
			isa = PBXContainerItemProxy;
			containerPortal = 40D310B51CEB4901003FFAC6 /* Project object */;
			proxyType = 1;
			remoteGlobalIDString = 40D310BC1CEB4901003FFAC6;
			remoteInfo = myScrollView;
		};
		40D310E21CEB4902003FFAC6 /* PBXContainerItemProxy */ = {
			isa = PBXContainerItemProxy;
			containerPortal = 40D310B51CEB4901003FFAC6 /* Project object */;
			proxyType = 1;
			remoteGlobalIDString = 40D310BC1CEB4901003FFAC6;
			remoteInfo = myScrollView;
		};
/* End PBXContainerItemProxy section */

/* Begin PBXFileReference section */
		40D310BD1CEB4901003FFAC6 /* myScrollView.app */ = {isa = PBXFileReference; explicitFileType = wrapper.application; includeInIndex = 0; path = myScrollView.app; sourceTree = BUILT_PRODUCTS_DIR; };
		40D310C11CEB4901003FFAC6 /* main.m */ = {isa = PBXFileReference; lastKnownFileType = sourcecode.c.objc; path = main.m; sourceTree = "<group>"; };
		40D310C31CEB4901003FFAC6 /* AppDelegate.h */ = {isa = PBXFileReference; lastKnownFileType = sourcecode.c.h; path = AppDelegate.h; sourceTree = "<group>"; };
		40D310C41CEB4901003FFAC6 /* AppDelegate.m */ = {isa = PBXFileReference; lastKnownFileType = sourcecode.c.objc; path = AppDelegate.m; sourceTree = "<group>"; };
		40D310C61CEB4901003FFAC6 /* ViewController.h */ = {isa = PBXFileReference; lastKnownFileType = sourcecode.c.h; path = ViewController.h; sourceTree = "<group>"; };
		40D310C71CEB4901003FFAC6 /* ViewController.m */ = {isa = PBXFileReference; lastKnownFileType = sourcecode.c.objc; path = ViewController.m; sourceTree = "<group>"; };
		40D310CA1CEB4902003FFAC6 /* Base */ = {isa = PBXFileReference; lastKnownFileType = file.storyboard; name = Base; path = Base.lproj/Main.storyboard; sourceTree = "<group>"; };
		40D310CC1CEB4902003FFAC6 /* Assets.xcassets */ = {isa = PBXFileReference; lastKnownFileType = folder.assetcatalog; path = Assets.xcassets; sourceTree = "<group>"; };
		40D310CF1CEB4902003FFAC6 /* Base */ = {isa = PBXFileReference; lastKnownFileType = file.storyboard; name = Base; path = Base.lproj/LaunchScreen.storyboard; sourceTree = "<group>"; };
		40D310D11CEB4902003FFAC6 /* Info.plist */ = {isa = PBXFileReference; lastKnownFileType = text.plist.xml; path = Info.plist; sourceTree = "<group>"; };
		40D310D61CEB4902003FFAC6 /* myScrollViewTests.xctest */ = {isa = PBXFileReference; explicitFileType = wrapper.cfbundle; includeInIndex = 0; path = myScrollViewTests.xctest; sourceTree = BUILT_PRODUCTS_DIR; };
		40D310DA1CEB4902003FFAC6 /* myScrollViewTests.m */ = {isa = PBXFileReference; lastKnownFileType = sourcecode.c.objc; path = myScrollViewTests.m; sourceTree = "<group>"; };
		40D310DC1CEB4902003FFAC6 /* Info.plist */ = {isa = PBXFileReference; lastKnownFileType = text.plist.xml; path = Info.plist; sourceTree = "<group>"; };
		40D310E11CEB4902003FFAC6 /* myScrollViewUITests.xctest */ = {isa = PBXFileReference; explicitFileType = wrapper.cfbundle; includeInIndex = 0; path = myScrollViewUITests.xctest; sourceTree = BUILT_PRODUCTS_DIR; };
		40D310E51CEB4902003FFAC6 /* myScrollViewUITests.m */ = {isa = PBXFileReference; lastKnownFileType = sourcecode.c.objc; path = myScrollViewUITests.m; sourceTree = "<group>"; };
		40D310E71CEB4902003FFAC6 /* Info.plist */ = {isa = PBXFileReference; lastKnownFileType = text.plist.xml; path = Info.plist; sourceTree = "<group>"; };
		40D310F61CEB49BF003FFAC6 /* MyScrollView.h */ = {isa = PBXFileReference; fileEncoding = 4; lastKnownFileType = sourcecode.c.h; name = MyScrollView.h; path = ../MyScrollView.h; sourceTree = "<group>"; };
		40D310F71CEB49BF003FFAC6 /* MyScrollView.m */ = {isa = PBXFileReference; fileEncoding = 4; lastKnownFileType = sourcecode.c.objc; name = MyScrollView.m; path = ../MyScrollView.m; sourceTree = "<group>"; };
/* End PBXFileReference section */

/* Begin PBXFrameworksBuildPhase section */
		40D310BA1CEB4901003FFAC6 /* Frameworks */ = {
			isa = PBXFrameworksBuildPhase;
			buildActionMask = 2147483647;
			files = (
			);
			runOnlyForDeploymentPostprocessing = 0;
		};
		40D310D31CEB4902003FFAC6 /* Frameworks */ = {
			isa = PBXFrameworksBuildPhase;
			buildActionMask = 2147483647;
			files = (
			);
			runOnlyForDeploymentPostprocessing = 0;
		};
		40D310DE1CEB4902003FFAC6 /* Frameworks */ = {
			isa = PBXFrameworksBuildPhase;
			buildActionMask = 2147483647;
			files = (
			);
			runOnlyForDeploymentPostprocessing = 0;
		};
/* End PBXFrameworksBuildPhase section */

/* Begin PBXGroup section */
		40D310B41CEB4901003FFAC6 = {
			isa = PBXGroup;
			children = (
				40D310BF1CEB4901003FFAC6 /* myScrollView */,
				40D310D91CEB4902003FFAC6 /* myScrollViewTests */,
				40D310E41CEB4902003FFAC6 /* myScrollViewUITests */,
				40D310BE1CEB4901003FFAC6 /* Products */,
			);
			sourceTree = "<group>";
		};
		40D310BE1CEB4901003FFAC6 /* Products */ = {
			isa = PBXGroup;
			children = (
				40D310BD1CEB4901003FFAC6 /* myScrollView.app */,
				40D310D61CEB4902003FFAC6 /* myScrollViewTests.xctest */,
				40D310E11CEB4902003FFAC6 /* myScrollViewUITests.xctest */,
			);
			name = Products;
			sourceTree = "<group>";
		};
		40D310BF1CEB4901003FFAC6 /* myScrollView */ = {
			isa = PBXGroup;
			children = (
				40D310C31CEB4901003FFAC6 /* AppDelegate.h */,
				40D310C41CEB4901003FFAC6 /* AppDelegate.m */,
				40D310F61CEB49BF003FFAC6 /* MyScrollView.h */,
				40D310F71CEB49BF003FFAC6 /* MyScrollView.m */,
				40D310C61CEB4901003FFAC6 /* ViewController.h */,
				40D310C71CEB4901003FFAC6 /* ViewController.m */,
				40D310C91CEB4902003FFAC6 /* Main.storyboard */,
				40D310CC1CEB4902003FFAC6 /* Assets.xcassets */,
				40D310CE1CEB4902003FFAC6 /* LaunchScreen.storyboard */,
				40D310D11CEB4902003FFAC6 /* Info.plist */,
				40D310C01CEB4901003FFAC6 /* Supporting Files */,
			);
			path = myScrollView;
			sourceTree = "<group>";
		};
		40D310C01CEB4901003FFAC6 /* Supporting Files */ = {
			isa = PBXGroup;
			children = (
				40D310C11CEB4901003FFAC6 /* main.m */,
			);
			name = "Supporting Files";
			sourceTree = "<group>";
		};
		40D310D91CEB4902003FFAC6 /* myScrollViewTests */ = {
			isa = PBXGroup;
			children = (
				40D310DA1CEB4902003FFAC6 /* myScrollViewTests.m */,
				40D310DC1CEB4902003FFAC6 /* Info.plist */,
			);
			path = myScrollViewTests;
			sourceTree = "<group>";
		};
		40D310E41CEB4902003FFAC6 /* myScrollViewUITests */ = {
			isa = PBXGroup;
			children = (
				40D310E51CEB4902003FFAC6 /* myScrollViewUITests.m */,
				40D310E71CEB4902003FFAC6 /* Info.plist */,
			);
			path = myScrollViewUITests;
			sourceTree = "<group>";
		};
/* End PBXGroup section */

/* Begin PBXNativeTarget section */
		40D310BC1CEB4901003FFAC6 /* myScrollView */ = {
			isa = PBXNativeTarget;
			buildConfigurationList = 40D310EA1CEB4902003FFAC6 /* Build configuration list for PBXNativeTarget "myScrollView" */;
			buildPhases = (
				40D310B91CEB4901003FFAC6 /* Sources */,
				40D310BA1CEB4901003FFAC6 /* Frameworks */,
				40D310BB1CEB4901003FFAC6 /* Resources */,
			);
			buildRules = (
			);
			dependencies = (
			);
			name = myScrollView;
			productName = myScrollView;
			productReference = 40D310BD1CEB4901003FFAC6 /* myScrollView.app */;
			productType = "com.apple.product-type.application";
		};
		40D310D51CEB4902003FFAC6 /* myScrollViewTests */ = {
			isa = PBXNativeTarget;
			buildConfigurationList = 40D310ED1CEB4902003FFAC6 /* Build configuration list for PBXNativeTarget "myScrollViewTests" */;
			buildPhases = (
				40D310D21CEB4902003FFAC6 /* Sources */,
				40D310D31CEB4902003FFAC6 /* Frameworks */,
				40D310D41CEB4902003FFAC6 /* Resources */,
			);
			buildRules = (
			);
			dependencies = (
				40D310D81CEB4902003FFAC6 /* PBXTargetDependency */,
			);
			name = myScrollViewTests;
			productName = myScrollViewTests;
			productReference = 40D310D61CEB4902003FFAC6 /* myScrollViewTests.xctest */;
			productType = "com.apple.product-type.bundle.unit-test";
		};
		40D310E01CEB4902003FFAC6 /* myScrollViewUITests */ = {
			isa = PBXNativeTarget;
			buildConfigurationList = 40D310F01CEB4902003FFAC6 /* Build configuration list for PBXNativeTarget "myScrollViewUITests" */;
			buildPhases = (
				40D310DD1CEB4902003FFAC6 /* Sources */,
				40D310DE1CEB4902003FFAC6 /* Frameworks */,
				40D310DF1CEB4902003FFAC6 /* Resources */,
			);
			buildRules = (
			);
			dependencies = (
				40D310E31CEB4902003FFAC6 /* PBXTargetDependency */,
			);
			name = myScrollViewUITests;
			productName = myScrollViewUITests;
			productReference = 40D310E11CEB4902003FFAC6 /* myScrollViewUITests.xctest */;
			productType = "com.apple.product-type.bundle.ui-testing";
		};
/* End PBXNativeTarget section */

/* Begin PBXProject section */
		40D310B51CEB4901003FFAC6 /* Project object */ = {
			isa = PBXProject;
			attributes = {
				LastUpgradeCheck = 0730;
				ORGANIZATIONNAME = "Krzysztof Kopytek";
				TargetAttributes = {
					40D310BC1CEB4901003FFAC6 = {
						CreatedOnToolsVersion = 7.3.1;
					};
					40D310D51CEB4902003FFAC6 = {
						CreatedOnToolsVersion = 7.3.1;
						TestTargetID = 40D310BC1CEB4901003FFAC6;
					};
					40D310E01CEB4902003FFAC6 = {
						CreatedOnToolsVersion = 7.3.1;
						TestTargetID = 40D310BC1CEB4901003FFAC6;
					};
				};
			};
			buildConfigurationList = 40D310B81CEB4901003FFAC6 /* Build configuration list for PBXProject "myScrollView" */;
			compatibilityVersion = "Xcode 3.2";
			developmentRegion = English;
			hasScannedForEncodings = 0;
			knownRegions = (
				en,
				Base,
			);
			mainGroup = 40D310B41CEB4901003FFAC6;
			productRefGroup = 40D310BE1CEB4901003FFAC6 /* Products */;
			projectDirPath = "";
			projectRoot = "";
			targets = (
				40D310BC1CEB4901003FFAC6 /* myScrollView */,
				40D310D51CEB4902003FFAC6 /* myScrollViewTests */,
				40D310E01CEB4902003FFAC6 /* myScrollViewUITests */,
			);
		};
/* End PBXProject section */

/* Begin PBXResourcesBuildPhase section */
		40D310BB1CEB4901003FFAC6 /* Resources */ = {
			isa = PBXResourcesBuildPhase;
			buildActionMask = 2147483647;
			files = (
				40D310D01CEB4902003FFAC6 /* LaunchScreen.storyboard in Resources */,
				40D310CD1CEB4902003FFAC6 /* Assets.xcassets in Resources */,
				40D310CB1CEB4902003FFAC6 /* Main.storyboard in Resources */,
			);
			runOnlyForDeploymentPostprocessing = 0;
		};
		40D310D41CEB4902003FFAC6 /* Resources */ = {
			isa = PBXResourcesBuildPhase;
			buildActionMask = 2147483647;
			files = (
			);
			runOnlyForDeploymentPostprocessing = 0;
		};
		40D310DF1CEB4902003FFAC6 /* Resources */ = {
			isa = PBXResourcesBuildPhase;
			buildActionMask = 2147483647;
			files = (
			);
			runOnlyForDeploymentPostprocessing = 0;
		};
/* End PBXResourcesBuildPhase section */

/* Begin PBXSourcesBuildPhase section */
		40D310B91CEB4901003FFAC6 /* Sources */ = {
			isa = PBXSourcesBuildPhase;
			buildActionMask = 2147483647;
			files = (
				40D310C81CEB4901003FFAC6 /* ViewController.m in Sources */,
				40D310F81CEB49BF003FFAC6 /* MyScrollView.m in Sources */,
				40D310C51CEB4901003FFAC6 /* AppDelegate.m in Sources */,
				40D310C21CEB4901003FFAC6 /* main.m in Sources */,
			);
			runOnlyForDeploymentPostprocessing = 0;
		};
		40D310D21CEB4902003FFAC6 /* Sources */ = {
			isa = PBXSourcesBuildPhase;
			buildActionMask = 2147483647;
			files = (
				40D310DB1CEB4902003FFAC6 /* myScrollViewTests.m in Sources */,
			);
			runOnlyForDeploymentPostprocessing = 0;
		};
		40D310DD1CEB4902003FFAC6 /* Sources */ = {
			isa = PBXSourcesBuildPhase;
			buildActionMask = 2147483647;
			files = (
				40D310E61CEB4902003FFAC6 /* myScrollViewUITests.m in Sources */,
			);
			runOnlyForDeploymentPostprocessing = 0;
		};
/* End PBXSourcesBuildPhase section */

/* Begin PBXTargetDependency section */
		40D310D81CEB4902003FFAC6 /* PBXTargetDependency */ = {
			isa = PBXTargetDependency;
			target = 40D310BC1CEB4901003FFAC6 /* myScrollView */;
			targetProxy = 40D310D71CEB4902003FFAC6 /* PBXContainerItemProxy */;
		};
		40D310E31CEB4902003FFAC6 /* PBXTargetDependency */ = {
			isa = PBXTargetDependency;
			target = 40D310BC1CEB4901003FFAC6 /* myScrollView */;
			targetProxy = 40D310E21CEB4902003FFAC6 /* PBXContainerItemProxy */;
		};
/* End PBXTargetDependency section */

/* Begin PBXVariantGroup section */
		40D310C91CEB4902003FFAC6 /* Main.storyboard */ = {
			isa = PBXVariantGroup;
			children = (
				40D310CA1CEB4902003FFAC6 /* Base */,
			);
			name = Main.storyboard;
			sourceTree = "<group>";
		};
		40D310CE1CEB4902003FFAC6 /* LaunchScreen.storyboard */ = {
			isa = PBXVariantGroup;
			children = (
				40D310CF1CEB4902003FFAC6 /* Base */,
			);
			name = LaunchScreen.storyboard;
			sourceTree = "<group>";
		};
/* End PBXVariantGroup section */

/* Begin XCBuildConfiguration section */
		40D310E81CEB4902003FFAC6 /* Debug */ = {
			isa = XCBuildConfiguration;
			buildSettings = {
				ALWAYS_SEARCH_USER_PATHS = NO;
				CLANG_ANALYZER_NONNULL = YES;
				CLANG_CXX_LANGUAGE_STANDARD = "gnu++0x";
				CLANG_CXX_LIBRARY = "libc++";
				CLANG_ENABLE_MODULES = YES;
				CLANG_ENABLE_OBJC_ARC = YES;
				CLANG_WARN_BOOL_CONVERSION = YES;
				CLANG_WARN_CONSTANT_CONVERSION = YES;
				CLANG_WARN_DIRECT_OBJC_ISA_USAGE = YES_ERROR;
				CLANG_WARN_EMPTY_BODY = YES;
				CLANG_WARN_ENUM_CONVERSION = YES;
				CLANG_WARN_INT_CONVERSION = YES;
				CLANG_WARN_OBJC_ROOT_CLASS = YES_ERROR;
				CLANG_WARN_UNREACHABLE_CODE = YES;
				CLANG_WARN__DUPLICATE_METHOD_MATCH = YES;
				"CODE_SIGN_IDENTITY[sdk=iphoneos*]" = "iPhone Developer";
				COPY_PHASE_STRIP = NO;
				DEBUG_INFORMATION_FORMAT = dwarf;
				ENABLE_STRICT_OBJC_MSGSEND = YES;
				ENABLE_TESTABILITY = YES;
				GCC_C_LANGUAGE_STANDARD = gnu99;
				GCC_DYNAMIC_NO_PIC = NO;
				GCC_NO_COMMON_BLOCKS = YES;
				GCC_OPTIMIZATION_LEVEL = 0;
				GCC_PREPROCESSOR_DEFINITIONS = (
					"DEBUG=1",
					"$(inherited)",
				);
				GCC_WARN_64_TO_32_BIT_CONVERSION = YES;
				GCC_WARN_ABOUT_RETURN_TYPE = YES_ERROR;
				GCC_WARN_UNDECLARED_SELECTOR = YES;
				GCC_WARN_UNINITIALIZED_AUTOS = YES_AGGRESSIVE;
				GCC_WARN_UNUSED_FUNCTION = YES;
				GCC_WARN_UNUSED_VARIABLE = YES;
				IPHONEOS_DEPLOYMENT_TARGET = 9.3;
				MTL_ENABLE_DEBUG_INFO = YES;
				ONLY_ACTIVE_ARCH = YES;
				SDKROOT = iphoneos;
			};
			name = Debug;
		};
		40D310E91CEB4902003FFAC6 /* Release */ = {
			isa = XCBuildConfiguration;
			buildSettings = {
				ALWAYS_SEARCH_USER_PATHS = NO;
				CLANG_ANALYZER_NONNULL = YES;
				CLANG_CXX_LANGUAGE_STANDARD = "gnu++0x";
				CLANG_CXX_LIBRARY = "libc++";
				CLANG_ENABLE_MODULES = YES;
				CLANG_ENABLE_OBJC_ARC = YES;
				CLANG_WARN_BOOL_CONVERSION = YES;
				CLANG_WARN_CONSTANT_CONVERSION = YES;
				CLANG_WARN_DIRECT_OBJC_ISA_USAGE = YES_ERROR;
				CLANG_WARN_EMPTY_BODY = YES;
				CLANG_WARN_ENUM_CONVERSION = YES;
				CLANG_WARN_INT_CONVERSION = YES;
				CLANG_WARN_OBJC_ROOT_CLASS = YES_ERROR;
				CLANG_WARN_UNREACHABLE_CODE = YES;
				CLANG_WARN__DUPLICATE_METHOD_MATCH = YES;
				"CODE_SIGN_IDENTITY[sdk=iphoneos*]" = "iPhone Developer";
				COPY_PHASE_STRIP = NO;
				DEBUG_INFORMATION_FORMAT = "dwarf-with-dsym";
				ENABLE_NS_ASSERTIONS = NO;
				ENABLE_STRICT_OBJC_MSGSEND = YES;
				GCC_C_LANGUAGE_STANDARD = gnu99;
				GCC_NO_COMMON_BLOCKS = YES;
				GCC_WARN_64_TO_32_BIT_CONVERSION = YES;
				GCC_WARN_ABOUT_RETURN_TYPE = YES_ERROR;
				GCC_WARN_UNDECLARED_SELECTOR = YES;
				GCC_WARN_UNINITIALIZED_AUTOS = YES_AGGRESSIVE;
				GCC_WARN_UNUSED_FUNCTION = YES;
				GCC_WARN_UNUSED_VARIABLE = YES;
				IPHONEOS_DEPLOYMENT_TARGET = 9.3;
				MTL_ENABLE_DEBUG_INFO = NO;
				SDKROOT = iphoneos;
				VALIDATE_PRODUCT = YES;
			};
			name = Release;
		};
		40D310EB1CEB4902003FFAC6 /* Debug */ = {
			isa = XCBuildConfiguration;
			buildSettings = {
				ASSETCATALOG_COMPILER_APPICON_NAME = AppIcon;
				INFOPLIST_FILE = myScrollView/Info.plist;
				LD_RUNPATH_SEARCH_PATHS = "$(inherited) @executable_path/Frameworks";
				PRODUCT_BUNDLE_IDENTIFIER = ca.kopytek.myScrollView;
				PRODUCT_NAME = "$(TARGET_NAME)";
			};
			name = Debug;
		};
		40D310EC1CEB4902003FFAC6 /* Release */ = {
			isa = XCBuildConfiguration;
			buildSettings = {
				ASSETCATALOG_COMPILER_APPICON_NAME = AppIcon;
				INFOPLIST_FILE = myScrollView/Info.plist;
				LD_RUNPATH_SEARCH_PATHS = "$(inherited) @executable_path/Frameworks";
				PRODUCT_BUNDLE_IDENTIFIER = ca.kopytek.myScrollView;
				PRODUCT_NAME = "$(TARGET_NAME)";
			};
			name = Release;
		};
		40D310EE1CEB4902003FFAC6 /* Debug */ = {
			isa = XCBuildConfiguration;
			buildSettings = {
				BUNDLE_LOADER = "$(TEST_HOST)";
				INFOPLIST_FILE = myScrollViewTests/Info.plist;
				LD_RUNPATH_SEARCH_PATHS = "$(inherited) @executable_path/Frameworks @loader_path/Frameworks";
				PRODUCT_BUNDLE_IDENTIFIER = ca.kopytek.myScrollViewTests;
				PRODUCT_NAME = "$(TARGET_NAME)";
				TEST_HOST = "$(BUILT_PRODUCTS_DIR)/myScrollView.app/myScrollView";
			};
			name = Debug;
		};
		40D310EF1CEB4902003FFAC6 /* Release */ = {
			isa = XCBuildConfiguration;
			buildSettings = {
				BUNDLE_LOADER = "$(TEST_HOST)";
				INFOPLIST_FILE = myScrollViewTests/Info.plist;
				LD_RUNPATH_SEARCH_PATHS = "$(inherited) @executable_path/Frameworks @loader_path/Frameworks";
				PRODUCT_BUNDLE_IDENTIFIER = ca.kopytek.myScrollViewTests;
				PRODUCT_NAME = "$(TARGET_NAME)";
				TEST_HOST = "$(BUILT_PRODUCTS_DIR)/myScrollView.app/myScrollView";
			};
			name = Release;
		};
		40D310F11CEB4902003FFAC6 /* Debug */ = {
			isa = XCBuildConfiguration;
			buildSettings = {
				INFOPLIST_FILE = myScrollViewUITests/Info.plist;
				LD_RUNPATH_SEARCH_PATHS = "$(inherited) @executable_path/Frameworks @loader_path/Frameworks";
				PRODUCT_BUNDLE_IDENTIFIER = ca.kopytek.myScrollViewUITests;
				PRODUCT_NAME = "$(TARGET_NAME)";
				TEST_TARGET_NAME = myScrollView;
			};
			name = Debug;
		};
		40D310F21CEB4902003FFAC6 /* Release */ = {
			isa = XCBuildConfiguration;
			buildSettings = {
				INFOPLIST_FILE = myScrollViewUITests/Info.plist;
				LD_RUNPATH_SEARCH_PATHS = "$(inherited) @executable_path/Frameworks @loader_path/Frameworks";
				PRODUCT_BUNDLE_IDENTIFIER = ca.kopytek.myScrollViewUITests;
				PRODUCT_NAME = "$(TARGET_NAME)";
				TEST_TARGET_NAME = myScrollView;
			};
			name = Release;
		};
/* End XCBuildConfiguration section */

/* Begin XCConfigurationList section */
		40D310B81CEB4901003FFAC6 /* Build configuration list for PBXProject "myScrollView" */ = {
			isa = XCConfigurationList;
			buildConfigurations = (
				40D310E81CEB4902003FFAC6 /* Debug */,
				40D310E91CEB4902003FFAC6 /* Release */,
			);
			defaultConfigurationIsVisible = 0;
			defaultConfigurationName = Release;
		};
		40D310EA1CEB4902003FFAC6 /* Build configuration list for PBXNativeTarget "myScrollView" */ = {
			isa = XCConfigurationList;
			buildConfigurations = (
				40D310EB1CEB4902003FFAC6 /* Debug */,
				40D310EC1CEB4902003FFAC6 /* Release */,
			);
			defaultConfigurationIsVisible = 0;
		};
		40D310ED1CEB4902003FFAC6 /* Build configuration list for PBXNativeTarget "myScrollViewTests" */ = {
			isa = XCConfigurationList;
			buildConfigurations = (
				40D310EE1CEB4902003FFAC6 /* Debug */,
				40D310EF1CEB4902003FFAC6 /* Release */,
			);
			defaultConfigurationIsVisible = 0;
		};
		40D310F01CEB4902003FFAC6 /* Build configuration list for PBXNativeTarget "myScrollViewUITests" */ = {
			isa = XCConfigurationList;
			buildConfigurations = (
				40D310F11CEB4902003FFAC6 /* Debug */,
				40D310F21CEB4902003FFAC6 /* Release */,
			);
			defaultConfigurationIsVisible = 0;
		};
/* End XCConfigurationList section */
	};
	rootObject = 40D310B51CEB4901003FFAC6 /* Project object */;
}
